
Microsoft Visual Studio Solution File, Format Version 12.00
# Visual Studio Version 17
VisualStudioVersion = 17.11.35312.102
MinimumVisualStudioVersion = 10.0.40219.1
Project("{FAE04EC0-301F-11D3-BF4B-00C04F79EFBC}") = "IPy", "IPy\IPy.csproj", "{77C77E9B-EE62-4AFB-B8CF-0E93E0D92D09}"
EndProject
Project("{FAE04EC0-301F-11D3-BF4B-00C04F79EFBC}") = "Core", "Core\Core.csproj", "{42E81851-0D6C-408E-843C-B8C9388EAD2B}"
EndProject
Project("{888888A0-9F3D-457C-B088-3A5042F75D52}") = "API", "API\API.pyproj", "{B2440209-64F2-44E5-9BC6-3ADAD5919A58}"
EndProject
Global
	GlobalSection(SolutionConfigurationPlatforms) = preSolution
		Debug|Any CPU = Debug|Any CPU
		Release|Any CPU = Release|Any CPU
	EndGlobalSection
	GlobalSection(ProjectConfigurationPlatforms) = postSolution
		{77C77E9B-EE62-4AFB-B8CF-0E93E0D92D09}.Debug|Any CPU.ActiveCfg = Debug|Any CPU
		{77C77E9B-EE62-4AFB-B8CF-0E93E0D92D09}.Debug|Any CPU.Build.0 = Debug|Any CPU
		{77C77E9B-EE62-4AFB-B8CF-0E93E0D92D09}.Release|Any CPU.ActiveCfg = Release|Any CPU
		{77C77E9B-EE62-4AFB-B8CF-0E93E0D92D09}.Release|Any CPU.Build.0 = Release|Any CPU
		{42E81851-0D6C-408E-843C-B8C9388EAD2B}.Debug|Any CPU.ActiveCfg = Debug|Any CPU
		{42E81851-0D6C-408E-843C-B8C9388EAD2B}.Debug|Any CPU.Build.0 = Debug|Any CPU
		{42E81851-0D6C-408E-843C-B8C9388EAD2B}.Release|Any CPU.ActiveCfg = Release|Any CPU
		{42E81851-0D6C-408E-843C-B8C9388EAD2B}.Release|Any CPU.Build.0 = Release|Any CPU
		{B2440209-64F2-44E5-9BC6-3ADAD5919A58}.Debug|Any CPU.ActiveCfg = Debug|Any CPU
		{B2440209-64F2-44E5-9BC6-3ADAD5919A58}.Release|Any CPU.ActiveCfg = Release|Any CPU
	EndGlobalSection
	GlobalSection(SolutionProperties) = preSolution
		HideSolutionNode = FALSE
	EndGlobalSection
	GlobalSection(ExtensibilityGlobals) = postSolution
		SolutionGuid = {C2F32C37-CD19-4434-B060-A03E22AA0080}
	EndGlobalSection
EndGlobal
